// !$*UTF8*$!
{
	archiveVersion = 1;
	classes = {
	};
	objectVersion = 55;
	objects = {

/* Begin PBXBuildFile section */
		6C052CAD2847A5F300D5CB6E /* RouterService in Frameworks */ = {isa = PBXBuildFile; productRef = 6C052CAC2847A5F300D5CB6E /* RouterService */; };
		6C052CB12847A6C600D5CB6E /* RouterServiceInterface in Frameworks */ = {isa = PBXBuildFile; productRef = 6C052CB02847A6C600D5CB6E /* RouterServiceInterface */; };
		6C052CB22847A6C600D5CB6E /* RouterServiceInterface in Embed Frameworks */ = {isa = PBXBuildFile; productRef = 6C052CB02847A6C600D5CB6E /* RouterServiceInterface */; settings = {ATTRIBUTES = (CodeSignOnCopy, ); }; };
		6C052CB42847A6E800D5CB6E /* RouterServiceInterface in Frameworks */ = {isa = PBXBuildFile; productRef = 6C052CB32847A6E800D5CB6E /* RouterServiceInterface */; };
		6C052CB52847A6E800D5CB6E /* RouterServiceInterface in Embed Frameworks */ = {isa = PBXBuildFile; productRef = 6C052CB32847A6E800D5CB6E /* RouterServiceInterface */; settings = {ATTRIBUTES = (CodeSignOnCopy, ); }; };
		6C052CB72847A71400D5CB6E /* RouterServiceInterface in Frameworks */ = {isa = PBXBuildFile; productRef = 6C052CB62847A71400D5CB6E /* RouterServiceInterface */; };
		6C052CB82847A71400D5CB6E /* RouterServiceInterface in Embed Frameworks */ = {isa = PBXBuildFile; productRef = 6C052CB62847A71400D5CB6E /* RouterServiceInterface */; settings = {ATTRIBUTES = (CodeSignOnCopy, ); }; };
		6C052CBA2847A71E00D5CB6E /* RouterServiceInterface in Frameworks */ = {isa = PBXBuildFile; productRef = 6C052CB92847A71E00D5CB6E /* RouterServiceInterface */; };
		6C052CBB2847A71E00D5CB6E /* RouterServiceInterface in Embed Frameworks */ = {isa = PBXBuildFile; productRef = 6C052CB92847A71E00D5CB6E /* RouterServiceInterface */; settings = {ATTRIBUTES = (CodeSignOnCopy, ); }; };
		6C7CBAD9284673E000A7F871 /* AppDelegate.swift in Sources */ = {isa = PBXBuildFile; fileRef = 6C7CBAD8284673E000A7F871 /* AppDelegate.swift */; };
		6C7CBADD284673E000A7F871 /* ViewController.swift in Sources */ = {isa = PBXBuildFile; fileRef = 6C7CBADC284673E000A7F871 /* ViewController.swift */; };
		6C7CBAE2284673E100A7F871 /* Assets.xcassets in Resources */ = {isa = PBXBuildFile; fileRef = 6C7CBAE1284673E100A7F871 /* Assets.xcassets */; };
		6C7CBAE5284673E100A7F871 /* LaunchScreen.storyboard in Resources */ = {isa = PBXBuildFile; fileRef = 6C7CBAE3284673E100A7F871 /* LaunchScreen.storyboard */; };
		6C7CBAF0284673E100A7F871 /* interfaceModulePoc1Tests.swift in Sources */ = {isa = PBXBuildFile; fileRef = 6C7CBAEF284673E100A7F871 /* interfaceModulePoc1Tests.swift */; };
		6C7CBB5228478F1200A7F871 /* Feature1Route.swift in Sources */ = {isa = PBXBuildFile; fileRef = 6C7CBB252846A30200A7F871 /* Feature1Route.swift */; };
		6C7CBB712847902400A7F871 /* Feature1.framework in Frameworks */ = {isa = PBXBuildFile; fileRef = 6C7CBB5C2847902400A7F871 /* Feature1.framework */; };
		6C7CBB722847902400A7F871 /* Feature1.framework in Embed Frameworks */ = {isa = PBXBuildFile; fileRef = 6C7CBB5C2847902400A7F871 /* Feature1.framework */; settings = {ATTRIBUTES = (CodeSignOnCopy, RemoveHeadersOnCopy, ); }; };
		6C7CBB7D2847904200A7F871 /* Feature1Interface.framework in Frameworks */ = {isa = PBXBuildFile; fileRef = 6C7CBB3528478E4100A7F871 /* Feature1Interface.framework */; platformFilter = ios; };
		6C7CBB7E2847904200A7F871 /* Feature1Interface.framework in Embed Frameworks */ = {isa = PBXBuildFile; fileRef = 6C7CBB3528478E4100A7F871 /* Feature1Interface.framework */; settings = {ATTRIBUTES = (CodeSignOnCopy, RemoveHeadersOnCopy, ); }; };
		6C7CBB812847906400A7F871 /* Feature1bRoute.swift in Sources */ = {isa = PBXBuildFile; fileRef = 6C7CBB2C2846AC2500A7F871 /* Feature1bRoute.swift */; };
		6C7CBBA8284790E200A7F871 /* Feature2Route.swift in Sources */ = {isa = PBXBuildFile; fileRef = 6C7CBB272846A34300A7F871 /* Feature2Route.swift */; };
		6C7CBBA9284791B800A7F871 /* Feature1ViewController.swift in Sources */ = {isa = PBXBuildFile; fileRef = 6C7CBB0F284682DC00A7F871 /* Feature1ViewController.swift */; };
		6C7CBBAA284791BC00A7F871 /* Feature1Feature.swift in Sources */ = {isa = PBXBuildFile; fileRef = 6C7CBB1D2846A1EE00A7F871 /* Feature1Feature.swift */; };
		6C7CBBAB284791BE00A7F871 /* Feature1RouteHandler.swift in Sources */ = {isa = PBXBuildFile; fileRef = 6C7CBB212846A28500A7F871 /* Feature1RouteHandler.swift */; };
		6C7CBBAC284791C300A7F871 /* Feature1bViewController.swift in Sources */ = {isa = PBXBuildFile; fileRef = 6C7CBB2A2846ABD400A7F871 /* Feature1bViewController.swift */; };
		6C7CBBAD284791C600A7F871 /* Feature1bFeature.swift in Sources */ = {isa = PBXBuildFile; fileRef = 6C7CBB2E2846ACA600A7F871 /* Feature1bFeature.swift */; };
		6C7CBBB92847920B00A7F871 /* Feature2.framework in Frameworks */ = {isa = PBXBuildFile; fileRef = 6C7CBBB32847920B00A7F871 /* Feature2.framework */; };
		6C7CBBBA2847920B00A7F871 /* Feature2.framework in Embed Frameworks */ = {isa = PBXBuildFile; fileRef = 6C7CBBB32847920B00A7F871 /* Feature2.framework */; settings = {ATTRIBUTES = (CodeSignOnCopy, RemoveHeadersOnCopy, ); }; };
		6C7CBBBE2847921800A7F871 /* Feature2Feature.swift in Sources */ = {isa = PBXBuildFile; fileRef = 6C7CBB1F2846A23300A7F871 /* Feature2Feature.swift */; };
		6C7CBBBF2847921800A7F871 /* Feature2RouteHandler.swift in Sources */ = {isa = PBXBuildFile; fileRef = 6C7CBB232846A2E200A7F871 /* Feature2RouteHandler.swift */; };
		6C7CBBC02847921800A7F871 /* Feature2ViewController.swift in Sources */ = {isa = PBXBuildFile; fileRef = 6C7CBB112846A01F00A7F871 /* Feature2ViewController.swift */; };
		6C7CBBC52847985500A7F871 /* Feature2Interface.framework in Frameworks */ = {isa = PBXBuildFile; fileRef = 6C7CBB87284790D100A7F871 /* Feature2Interface.framework */; platformFilter = ios; };
		6C7CBBC62847985500A7F871 /* Feature2Interface.framework in Embed Frameworks */ = {isa = PBXBuildFile; fileRef = 6C7CBB87284790D100A7F871 /* Feature2Interface.framework */; settings = {ATTRIBUTES = (CodeSignOnCopy, RemoveHeadersOnCopy, ); }; };
		6C7CBBD828479E8200A7F871 /* Feature1Interface.framework in Frameworks */ = {isa = PBXBuildFile; fileRef = 6C7CBB3528478E4100A7F871 /* Feature1Interface.framework */; platformFilter = ios; };
		6C7CBBD928479E8200A7F871 /* Feature1Interface.framework in Embed Frameworks */ = {isa = PBXBuildFile; fileRef = 6C7CBB3528478E4100A7F871 /* Feature1Interface.framework */; settings = {ATTRIBUTES = (CodeSignOnCopy, RemoveHeadersOnCopy, ); }; };
		6C7CBBDC28479E8200A7F871 /* Feature2Interface.framework in Frameworks */ = {isa = PBXBuildFile; fileRef = 6C7CBB87284790D100A7F871 /* Feature2Interface.framework */; platformFilter = ios; };
		6C7CBBDD28479E8200A7F871 /* Feature2Interface.framework in Embed Frameworks */ = {isa = PBXBuildFile; fileRef = 6C7CBB87284790D100A7F871 /* Feature2Interface.framework */; platformFilter = ios; settings = {ATTRIBUTES = (CodeSignOnCopy, RemoveHeadersOnCopy, ); }; };
/* End PBXBuildFile section */

/* Begin PBXContainerItemProxy section */
		6C7CBAEC284673E100A7F871 /* PBXContainerItemProxy */ = {
			isa = PBXContainerItemProxy;
			containerPortal = 6C7CBACD284673E000A7F871 /* Project object */;
			proxyType = 1;
			remoteGlobalIDString = 6C7CBAD4284673E000A7F871;
			remoteInfo = interfaceModulePoc1;
		};
		6C7CBB6F2847902400A7F871 /* PBXContainerItemProxy */ = {
			isa = PBXContainerItemProxy;
			containerPortal = 6C7CBACD284673E000A7F871 /* Project object */;
			proxyType = 1;
			remoteGlobalIDString = 6C7CBB5B2847902400A7F871;
			remoteInfo = Feature1;
		};
		6C7CBB7F2847904200A7F871 /* PBXContainerItemProxy */ = {
			isa = PBXContainerItemProxy;
			containerPortal = 6C7CBACD284673E000A7F871 /* Project object */;
			proxyType = 1;
			remoteGlobalIDString = 6C7CBB3428478E4100A7F871;
			remoteInfo = Feature1Interface;
		};
		6C7CBBB72847920B00A7F871 /* PBXContainerItemProxy */ = {
			isa = PBXContainerItemProxy;
			containerPortal = 6C7CBACD284673E000A7F871 /* Project object */;
			proxyType = 1;
			remoteGlobalIDString = 6C7CBBB22847920B00A7F871;
			remoteInfo = Feature2;
		};
		6C7CBBC72847985500A7F871 /* PBXContainerItemProxy */ = {
			isa = PBXContainerItemProxy;
			containerPortal = 6C7CBACD284673E000A7F871 /* Project object */;
			proxyType = 1;
			remoteGlobalIDString = 6C7CBB86284790D100A7F871;
			remoteInfo = Feature2Interface;
		};
		6C7CBBDA28479E8200A7F871 /* PBXContainerItemProxy */ = {
			isa = PBXContainerItemProxy;
			containerPortal = 6C7CBACD284673E000A7F871 /* Project object */;
			proxyType = 1;
			remoteGlobalIDString = 6C7CBB3428478E4100A7F871;
			remoteInfo = Feature1Interface;
		};
		6C7CBBDE28479E8200A7F871 /* PBXContainerItemProxy */ = {
			isa = PBXContainerItemProxy;
			containerPortal = 6C7CBACD284673E000A7F871 /* Project object */;
			proxyType = 1;
			remoteGlobalIDString = 6C7CBB86284790D100A7F871;
			remoteInfo = Feature2Interface;
		};
/* End PBXContainerItemProxy section */

/* Begin PBXCopyFilesBuildPhase section */
		6C7CBB172846A0F600A7F871 /* Embed Frameworks */ = {
			isa = PBXCopyFilesBuildPhase;
			buildActionMask = 2147483647;
			dstPath = "";
			dstSubfolderSpec = 10;
			files = (
				6C7CBBDD28479E8200A7F871 /* Feature2Interface.framework in Embed Frameworks */,
				6C7CBBD928479E8200A7F871 /* Feature1Interface.framework in Embed Frameworks */,
				6C7CBB722847902400A7F871 /* Feature1.framework in Embed Frameworks */,
				6C7CBBBA2847920B00A7F871 /* Feature2.framework in Embed Frameworks */,
			);
			name = "Embed Frameworks";
			runOnlyForDeploymentPostprocessing = 0;
		};
		6C7CBB5628478F8800A7F871 /* Embed Frameworks */ = {
			isa = PBXCopyFilesBuildPhase;
			buildActionMask = 2147483647;
			dstPath = "";
			dstSubfolderSpec = 10;
			files = (
				6C052CB22847A6C600D5CB6E /* RouterServiceInterface in Embed Frameworks */,
			);
			name = "Embed Frameworks";
			runOnlyForDeploymentPostprocessing = 0;
		};
		6C7CBB7C2847903900A7F871 /* Embed Frameworks */ = {
			isa = PBXCopyFilesBuildPhase;
			buildActionMask = 2147483647;
			dstPath = "";
			dstSubfolderSpec = 10;
			files = (
				6C7CBB7E2847904200A7F871 /* Feature1Interface.framework in Embed Frameworks */,
				6C052CBB2847A71E00D5CB6E /* RouterServiceInterface in Embed Frameworks */,
			);
			name = "Embed Frameworks";
			runOnlyForDeploymentPostprocessing = 0;
		};
		6C7CBBA7284790D900A7F871 /* Embed Frameworks */ = {
			isa = PBXCopyFilesBuildPhase;
			buildActionMask = 2147483647;
			dstPath = "";
			dstSubfolderSpec = 10;
			files = (
				6C052CB52847A6E800D5CB6E /* RouterServiceInterface in Embed Frameworks */,
			);
			name = "Embed Frameworks";
			runOnlyForDeploymentPostprocessing = 0;
		};
		6C7CBBC42847927F00A7F871 /* Embed Frameworks */ = {
			isa = PBXCopyFilesBuildPhase;
			buildActionMask = 2147483647;
			dstPath = "";
			dstSubfolderSpec = 10;
			files = (
				6C7CBBC62847985500A7F871 /* Feature2Interface.framework in Embed Frameworks */,
				6C052CB82847A71400D5CB6E /* RouterServiceInterface in Embed Frameworks */,
			);
			name = "Embed Frameworks";
			runOnlyForDeploymentPostprocessing = 0;
		};
/* End PBXCopyFilesBuildPhase section */

/* Begin PBXFileReference section */
		6C7CBAD5284673E000A7F871 /* interfaceModulePoc1.app */ = {isa = PBXFileReference; explicitFileType = wrapper.application; includeInIndex = 0; path = interfaceModulePoc1.app; sourceTree = BUILT_PRODUCTS_DIR; };
		6C7CBAD8284673E000A7F871 /* AppDelegate.swift */ = {isa = PBXFileReference; lastKnownFileType = sourcecode.swift; path = AppDelegate.swift; sourceTree = "<group>"; };
		6C7CBADC284673E000A7F871 /* ViewController.swift */ = {isa = PBXFileReference; lastKnownFileType = sourcecode.swift; path = ViewController.swift; sourceTree = "<group>"; };
		6C7CBAE1284673E100A7F871 /* Assets.xcassets */ = {isa = PBXFileReference; lastKnownFileType = folder.assetcatalog; path = Assets.xcassets; sourceTree = "<group>"; };
		6C7CBAE4284673E100A7F871 /* Base */ = {isa = PBXFileReference; lastKnownFileType = file.storyboard; name = Base; path = Base.lproj/LaunchScreen.storyboard; sourceTree = "<group>"; };
		6C7CBAE6284673E100A7F871 /* Info.plist */ = {isa = PBXFileReference; lastKnownFileType = text.plist.xml; path = Info.plist; sourceTree = "<group>"; };
		6C7CBAEB284673E100A7F871 /* interfaceModulePoc1Tests.xctest */ = {isa = PBXFileReference; explicitFileType = wrapper.cfbundle; includeInIndex = 0; path = interfaceModulePoc1Tests.xctest; sourceTree = BUILT_PRODUCTS_DIR; };
		6C7CBAEF284673E100A7F871 /* interfaceModulePoc1Tests.swift */ = {isa = PBXFileReference; lastKnownFileType = sourcecode.swift; path = interfaceModulePoc1Tests.swift; sourceTree = "<group>"; };
		6C7CBB0F284682DC00A7F871 /* Feature1ViewController.swift */ = {isa = PBXFileReference; lastKnownFileType = sourcecode.swift; path = Feature1ViewController.swift; sourceTree = "<group>"; };
		6C7CBB112846A01F00A7F871 /* Feature2ViewController.swift */ = {isa = PBXFileReference; lastKnownFileType = sourcecode.swift; path = Feature2ViewController.swift; sourceTree = "<group>"; };
		6C7CBB1D2846A1EE00A7F871 /* Feature1Feature.swift */ = {isa = PBXFileReference; lastKnownFileType = sourcecode.swift; path = Feature1Feature.swift; sourceTree = "<group>"; };
		6C7CBB1F2846A23300A7F871 /* Feature2Feature.swift */ = {isa = PBXFileReference; lastKnownFileType = sourcecode.swift; path = Feature2Feature.swift; sourceTree = "<group>"; };
		6C7CBB212846A28500A7F871 /* Feature1RouteHandler.swift */ = {isa = PBXFileReference; lastKnownFileType = sourcecode.swift; path = Feature1RouteHandler.swift; sourceTree = "<group>"; };
		6C7CBB232846A2E200A7F871 /* Feature2RouteHandler.swift */ = {isa = PBXFileReference; lastKnownFileType = sourcecode.swift; path = Feature2RouteHandler.swift; sourceTree = "<group>"; };
		6C7CBB252846A30200A7F871 /* Feature1Route.swift */ = {isa = PBXFileReference; lastKnownFileType = sourcecode.swift; path = Feature1Route.swift; sourceTree = "<group>"; };
		6C7CBB272846A34300A7F871 /* Feature2Route.swift */ = {isa = PBXFileReference; lastKnownFileType = sourcecode.swift; path = Feature2Route.swift; sourceTree = "<group>"; };
		6C7CBB2A2846ABD400A7F871 /* Feature1bViewController.swift */ = {isa = PBXFileReference; lastKnownFileType = sourcecode.swift; path = Feature1bViewController.swift; sourceTree = "<group>"; };
		6C7CBB2C2846AC2500A7F871 /* Feature1bRoute.swift */ = {isa = PBXFileReference; lastKnownFileType = sourcecode.swift; path = Feature1bRoute.swift; sourceTree = "<group>"; };
		6C7CBB2E2846ACA600A7F871 /* Feature1bFeature.swift */ = {isa = PBXFileReference; lastKnownFileType = sourcecode.swift; path = Feature1bFeature.swift; sourceTree = "<group>"; };
		6C7CBB3528478E4100A7F871 /* Feature1Interface.framework */ = {isa = PBXFileReference; explicitFileType = wrapper.framework; includeInIndex = 0; path = Feature1Interface.framework; sourceTree = BUILT_PRODUCTS_DIR; };
		6C7CBB5C2847902400A7F871 /* Feature1.framework */ = {isa = PBXFileReference; explicitFileType = wrapper.framework; includeInIndex = 0; path = Feature1.framework; sourceTree = BUILT_PRODUCTS_DIR; };
		6C7CBB87284790D100A7F871 /* Feature2Interface.framework */ = {isa = PBXFileReference; explicitFileType = wrapper.framework; includeInIndex = 0; path = Feature2Interface.framework; sourceTree = BUILT_PRODUCTS_DIR; };
		6C7CBBB32847920B00A7F871 /* Feature2.framework */ = {isa = PBXFileReference; explicitFileType = wrapper.framework; includeInIndex = 0; path = Feature2.framework; sourceTree = BUILT_PRODUCTS_DIR; };
/* End PBXFileReference section */

/* Begin PBXFrameworksBuildPhase section */
		6C7CBAD2284673E000A7F871 /* Frameworks */ = {
			isa = PBXFrameworksBuildPhase;
			buildActionMask = 2147483647;
			files = (
				6C7CBBDC28479E8200A7F871 /* Feature2Interface.framework in Frameworks */,
				6C052CAD2847A5F300D5CB6E /* RouterService in Frameworks */,
				6C7CBBD828479E8200A7F871 /* Feature1Interface.framework in Frameworks */,
				6C7CBB712847902400A7F871 /* Feature1.framework in Frameworks */,
				6C7CBBB92847920B00A7F871 /* Feature2.framework in Frameworks */,
			);
			runOnlyForDeploymentPostprocessing = 0;
		};
		6C7CBAE8284673E100A7F871 /* Frameworks */ = {
			isa = PBXFrameworksBuildPhase;
			buildActionMask = 2147483647;
			files = (
			);
			runOnlyForDeploymentPostprocessing = 0;
		};
		6C7CBB3228478E4100A7F871 /* Frameworks */ = {
			isa = PBXFrameworksBuildPhase;
			buildActionMask = 2147483647;
			files = (
				6C052CB12847A6C600D5CB6E /* RouterServiceInterface in Frameworks */,
			);
			runOnlyForDeploymentPostprocessing = 0;
		};
		6C7CBB592847902400A7F871 /* Frameworks */ = {
			isa = PBXFrameworksBuildPhase;
			buildActionMask = 2147483647;
			files = (
				6C7CBB7D2847904200A7F871 /* Feature1Interface.framework in Frameworks */,
				6C052CBA2847A71E00D5CB6E /* RouterServiceInterface in Frameworks */,
			);
			runOnlyForDeploymentPostprocessing = 0;
		};
		6C7CBB84284790D100A7F871 /* Frameworks */ = {
			isa = PBXFrameworksBuildPhase;
			buildActionMask = 2147483647;
			files = (
				6C052CB42847A6E800D5CB6E /* RouterServiceInterface in Frameworks */,
			);
			runOnlyForDeploymentPostprocessing = 0;
		};
		6C7CBBB02847920B00A7F871 /* Frameworks */ = {
			isa = PBXFrameworksBuildPhase;
			buildActionMask = 2147483647;
			files = (
				6C7CBBC52847985500A7F871 /* Feature2Interface.framework in Frameworks */,
				6C052CB72847A71400D5CB6E /* RouterServiceInterface in Frameworks */,
			);
			runOnlyForDeploymentPostprocessing = 0;
		};
/* End PBXFrameworksBuildPhase section */

/* Begin PBXGroup section */
		6C7CBACC284673E000A7F871 = {
			isa = PBXGroup;
			children = (
				6C7CBAD7284673E000A7F871 /* interfaceModulePoc1 */,
				6C7CBB5D2847902400A7F871 /* Feature1 */,
				6C7CBB3628478E4100A7F871 /* Feature1Interface */,
				6C7CBB88284790D100A7F871 /* Feature2Interface */,
				6C7CBBB42847920B00A7F871 /* Feature2 */,
				6C7CBAEE284673E100A7F871 /* interfaceModulePoc1Tests */,
				6C7CBAD6284673E000A7F871 /* Products */,
				6C7CBB132846A0F600A7F871 /* Frameworks */,
			);
			sourceTree = "<group>";
		};
		6C7CBAD6284673E000A7F871 /* Products */ = {
			isa = PBXGroup;
			children = (
				6C7CBAD5284673E000A7F871 /* interfaceModulePoc1.app */,
				6C7CBAEB284673E100A7F871 /* interfaceModulePoc1Tests.xctest */,
				6C7CBB3528478E4100A7F871 /* Feature1Interface.framework */,
				6C7CBB5C2847902400A7F871 /* Feature1.framework */,
				6C7CBB87284790D100A7F871 /* Feature2Interface.framework */,
				6C7CBBB32847920B00A7F871 /* Feature2.framework */,
			);
			name = Products;
			sourceTree = "<group>";
		};
		6C7CBAD7284673E000A7F871 /* interfaceModulePoc1 */ = {
			isa = PBXGroup;
			children = (
				6C7CBAD8284673E000A7F871 /* AppDelegate.swift */,
				6C7CBADC284673E000A7F871 /* ViewController.swift */,
				6C7CBAE1284673E100A7F871 /* Assets.xcassets */,
				6C7CBAE3284673E100A7F871 /* LaunchScreen.storyboard */,
				6C7CBAE6284673E100A7F871 /* Info.plist */,
			);
			path = interfaceModulePoc1;
			sourceTree = "<group>";
		};
		6C7CBAEE284673E100A7F871 /* interfaceModulePoc1Tests */ = {
			isa = PBXGroup;
			children = (
				6C7CBAEF284673E100A7F871 /* interfaceModulePoc1Tests.swift */,
			);
			path = interfaceModulePoc1Tests;
			sourceTree = "<group>";
		};
		6C7CBB0D284682B000A7F871 /* Feature1 */ = {
			isa = PBXGroup;
			children = (
				6C7CBB0F284682DC00A7F871 /* Feature1ViewController.swift */,
				6C7CBB1D2846A1EE00A7F871 /* Feature1Feature.swift */,
				6C7CBB212846A28500A7F871 /* Feature1RouteHandler.swift */,
			);
			path = Feature1;
			sourceTree = "<group>";
		};
		6C7CBB132846A0F600A7F871 /* Frameworks */ = {
			isa = PBXGroup;
			children = (
			);
			name = Frameworks;
			sourceTree = "<group>";
		};
		6C7CBB292846ABC500A7F871 /* Feature1b */ = {
			isa = PBXGroup;
			children = (
				6C7CBB2A2846ABD400A7F871 /* Feature1bViewController.swift */,
				6C7CBB2E2846ACA600A7F871 /* Feature1bFeature.swift */,
			);
			path = Feature1b;
			sourceTree = "<group>";
		};
		6C7CBB3628478E4100A7F871 /* Feature1Interface */ = {
			isa = PBXGroup;
			children = (
				6C7CBB252846A30200A7F871 /* Feature1Route.swift */,
				6C7CBB2C2846AC2500A7F871 /* Feature1bRoute.swift */,
			);
			path = Feature1Interface;
			sourceTree = "<group>";
		};
		6C7CBB5D2847902400A7F871 /* Feature1 */ = {
			isa = PBXGroup;
			children = (
				6C7CBB0D284682B000A7F871 /* Feature1 */,
				6C7CBB292846ABC500A7F871 /* Feature1b */,
			);
			path = Feature1;
			sourceTree = "<group>";
		};
		6C7CBB88284790D100A7F871 /* Feature2Interface */ = {
			isa = PBXGroup;
			children = (
				6C7CBB272846A34300A7F871 /* Feature2Route.swift */,
			);
			path = Feature2Interface;
			sourceTree = "<group>";
		};
		6C7CBBB42847920B00A7F871 /* Feature2 */ = {
			isa = PBXGroup;
			children = (
				6C7CBB112846A01F00A7F871 /* Feature2ViewController.swift */,
				6C7CBB1F2846A23300A7F871 /* Feature2Feature.swift */,
				6C7CBB232846A2E200A7F871 /* Feature2RouteHandler.swift */,
			);
			path = Feature2;
			sourceTree = "<group>";
		};
/* End PBXGroup section */

/* Begin PBXHeadersBuildPhase section */
		6C7CBB3028478E4100A7F871 /* Headers */ = {
			isa = PBXHeadersBuildPhase;
			buildActionMask = 2147483647;
			files = (
			);
			runOnlyForDeploymentPostprocessing = 0;
		};
		6C7CBB572847902400A7F871 /* Headers */ = {
			isa = PBXHeadersBuildPhase;
			buildActionMask = 2147483647;
			files = (
			);
			runOnlyForDeploymentPostprocessing = 0;
		};
		6C7CBB82284790D100A7F871 /* Headers */ = {
			isa = PBXHeadersBuildPhase;
			buildActionMask = 2147483647;
			files = (
			);
			runOnlyForDeploymentPostprocessing = 0;
		};
		6C7CBBAE2847920B00A7F871 /* Headers */ = {
			isa = PBXHeadersBuildPhase;
			buildActionMask = 2147483647;
			files = (
			);
			runOnlyForDeploymentPostprocessing = 0;
		};
/* End PBXHeadersBuildPhase section */

/* Begin PBXNativeTarget section */
		6C7CBAD4284673E000A7F871 /* interfaceModulePoc1 */ = {
			isa = PBXNativeTarget;
			buildConfigurationList = 6C7CBAFF284673E100A7F871 /* Build configuration list for PBXNativeTarget "interfaceModulePoc1" */;
			buildPhases = (
				6C7CBAD1284673E000A7F871 /* Sources */,
				6C7CBAD2284673E000A7F871 /* Frameworks */,
				6C7CBAD3284673E000A7F871 /* Resources */,
				6C7CBB172846A0F600A7F871 /* Embed Frameworks */,
			);
			buildRules = (
			);
			dependencies = (
				6C052CA22847A37100D5CB6E /* PBXTargetDependency */,
				6C052CA02847A36D00D5CB6E /* PBXTargetDependency */,
				6C7CBB702847902400A7F871 /* PBXTargetDependency */,
				6C7CBBB82847920B00A7F871 /* PBXTargetDependency */,
				6C7CBBDB28479E8200A7F871 /* PBXTargetDependency */,
				6C7CBBDF28479E8200A7F871 /* PBXTargetDependency */,
			);
			name = interfaceModulePoc1;
			packageProductDependencies = (
				6C052CAC2847A5F300D5CB6E /* RouterService */,
			);
			productName = interfaceModulePoc1;
			productReference = 6C7CBAD5284673E000A7F871 /* interfaceModulePoc1.app */;
			productType = "com.apple.product-type.application";
		};
		6C7CBAEA284673E100A7F871 /* interfaceModulePoc1Tests */ = {
			isa = PBXNativeTarget;
			buildConfigurationList = 6C7CBB02284673E100A7F871 /* Build configuration list for PBXNativeTarget "interfaceModulePoc1Tests" */;
			buildPhases = (
				6C7CBAE7284673E100A7F871 /* Sources */,
				6C7CBAE8284673E100A7F871 /* Frameworks */,
				6C7CBAE9284673E100A7F871 /* Resources */,
			);
			buildRules = (
			);
			dependencies = (
				6C7CBAED284673E100A7F871 /* PBXTargetDependency */,
			);
			name = interfaceModulePoc1Tests;
			productName = interfaceModulePoc1Tests;
			productReference = 6C7CBAEB284673E100A7F871 /* interfaceModulePoc1Tests.xctest */;
			productType = "com.apple.product-type.bundle.unit-test";
		};
		6C7CBB3428478E4100A7F871 /* Feature1Interface */ = {
			isa = PBXNativeTarget;
			buildConfigurationList = 6C7CBB4C28478E4100A7F871 /* Build configuration list for PBXNativeTarget "Feature1Interface" */;
			buildPhases = (
				6C7CBB3028478E4100A7F871 /* Headers */,
				6C7CBB3128478E4100A7F871 /* Sources */,
				6C7CBB3228478E4100A7F871 /* Frameworks */,
				6C7CBB3328478E4100A7F871 /* Resources */,
				6C7CBB5628478F8800A7F871 /* Embed Frameworks */,
			);
			buildRules = (
			);
			dependencies = (
				6C052CAA2847A40400D5CB6E /* PBXTargetDependency */,
			);
			name = Feature1Interface;
			packageProductDependencies = (
				6C052CB02847A6C600D5CB6E /* RouterServiceInterface */,
			);
			productName = Feature1Interface;
			productReference = 6C7CBB3528478E4100A7F871 /* Feature1Interface.framework */;
			productType = "com.apple.product-type.framework";
		};
		6C7CBB5B2847902400A7F871 /* Feature1 */ = {
			isa = PBXNativeTarget;
			buildConfigurationList = 6C7CBB732847902400A7F871 /* Build configuration list for PBXNativeTarget "Feature1" */;
			buildPhases = (
				6C7CBB572847902400A7F871 /* Headers */,
				6C7CBB582847902400A7F871 /* Sources */,
				6C7CBB592847902400A7F871 /* Frameworks */,
				6C7CBB5A2847902400A7F871 /* Resources */,
				6C7CBB7C2847903900A7F871 /* Embed Frameworks */,
			);
			buildRules = (
			);
			dependencies = (
				6C052CA42847A3CE00D5CB6E /* PBXTargetDependency */,
				6C7CBB802847904200A7F871 /* PBXTargetDependency */,
			);
			name = Feature1;
			packageProductDependencies = (
				6C052CB92847A71E00D5CB6E /* RouterServiceInterface */,
			);
			productName = Feature1;
			productReference = 6C7CBB5C2847902400A7F871 /* Feature1.framework */;
			productType = "com.apple.product-type.framework";
		};
		6C7CBB86284790D100A7F871 /* Feature2Interface */ = {
			isa = PBXNativeTarget;
			buildConfigurationList = 6C7CBB9E284790D100A7F871 /* Build configuration list for PBXNativeTarget "Feature2Interface" */;
			buildPhases = (
				6C7CBB82284790D100A7F871 /* Headers */,
				6C7CBB83284790D100A7F871 /* Sources */,
				6C7CBB84284790D100A7F871 /* Frameworks */,
				6C7CBB85284790D100A7F871 /* Resources */,
				6C7CBBA7284790D900A7F871 /* Embed Frameworks */,
			);
			buildRules = (
			);
			dependencies = (
				6C052CA82847A3FD00D5CB6E /* PBXTargetDependency */,
			);
			name = Feature2Interface;
			packageProductDependencies = (
				6C052CB32847A6E800D5CB6E /* RouterServiceInterface */,
			);
			productName = Feature2Interface;
			productReference = 6C7CBB87284790D100A7F871 /* Feature2Interface.framework */;
			productType = "com.apple.product-type.framework";
		};
		6C7CBBB22847920B00A7F871 /* Feature2 */ = {
			isa = PBXNativeTarget;
			buildConfigurationList = 6C7CBBBB2847920B00A7F871 /* Build configuration list for PBXNativeTarget "Feature2" */;
			buildPhases = (
				6C7CBBAE2847920B00A7F871 /* Headers */,
				6C7CBBAF2847920B00A7F871 /* Sources */,
				6C7CBBB02847920B00A7F871 /* Frameworks */,
				6C7CBBB12847920B00A7F871 /* Resources */,
				6C7CBBC42847927F00A7F871 /* Embed Frameworks */,
			);
			buildRules = (
			);
			dependencies = (
				6C052CA62847A3D900D5CB6E /* PBXTargetDependency */,
				6C7CBBC82847985500A7F871 /* PBXTargetDependency */,
			);
			name = Feature2;
			packageProductDependencies = (
				6C052CB62847A71400D5CB6E /* RouterServiceInterface */,
			);
			productName = Feature2;
			productReference = 6C7CBBB32847920B00A7F871 /* Feature2.framework */;
			productType = "com.apple.product-type.framework";
		};
/* End PBXNativeTarget section */

/* Begin PBXProject section */
		6C7CBACD284673E000A7F871 /* Project object */ = {
			isa = PBXProject;
			attributes = {
				BuildIndependentTargetsInParallel = 1;
				LastSwiftUpdateCheck = 1320;
				LastUpgradeCheck = 1320;
				TargetAttributes = {
					6C7CBAD4284673E000A7F871 = {
						CreatedOnToolsVersion = 13.2.1;
					};
					6C7CBAEA284673E100A7F871 = {
						CreatedOnToolsVersion = 13.2.1;
						TestTargetID = 6C7CBAD4284673E000A7F871;
					};
					6C7CBB3428478E4100A7F871 = {
						CreatedOnToolsVersion = 13.2.1;
					};
					6C7CBB5B2847902400A7F871 = {
						CreatedOnToolsVersion = 13.2.1;
					};
					6C7CBB86284790D100A7F871 = {
						CreatedOnToolsVersion = 13.2.1;
					};
					6C7CBBB22847920B00A7F871 = {
						CreatedOnToolsVersion = 13.2.1;
					};
				};
			};
			buildConfigurationList = 6C7CBAD0284673E000A7F871 /* Build configuration list for PBXProject "interfaceModulePoc1" */;
			compatibilityVersion = "Xcode 13.0";
			developmentRegion = en;
			hasScannedForEncodings = 0;
			knownRegions = (
				en,
				Base,
			);
			mainGroup = 6C7CBACC284673E000A7F871;
			packageReferences = (
				6C052CAB2847A5F300D5CB6E /* XCRemoteSwiftPackageReference "RouterService" */,
			);
			productRefGroup = 6C7CBAD6284673E000A7F871 /* Products */;
			projectDirPath = "";
			projectRoot = "";
			targets = (
				6C7CBAD4284673E000A7F871 /* interfaceModulePoc1 */,
				6C7CBAEA284673E100A7F871 /* interfaceModulePoc1Tests */,
				6C7CBB3428478E4100A7F871 /* Feature1Interface */,
				6C7CBB5B2847902400A7F871 /* Feature1 */,
				6C7CBB86284790D100A7F871 /* Feature2Interface */,
				6C7CBBB22847920B00A7F871 /* Feature2 */,
			);
		};
/* End PBXProject section */

/* Begin PBXResourcesBuildPhase section */
		6C7CBAD3284673E000A7F871 /* Resources */ = {
			isa = PBXResourcesBuildPhase;
			buildActionMask = 2147483647;
			files = (
				6C7CBAE5284673E100A7F871 /* LaunchScreen.storyboard in Resources */,
				6C7CBAE2284673E100A7F871 /* Assets.xcassets in Resources */,
			);
			runOnlyForDeploymentPostprocessing = 0;
		};
		6C7CBAE9284673E100A7F871 /* Resources */ = {
			isa = PBXResourcesBuildPhase;
			buildActionMask = 2147483647;
			files = (
			);
			runOnlyForDeploymentPostprocessing = 0;
		};
		6C7CBB3328478E4100A7F871 /* Resources */ = {
			isa = PBXResourcesBuildPhase;
			buildActionMask = 2147483647;
			files = (
			);
			runOnlyForDeploymentPostprocessing = 0;
		};
		6C7CBB5A2847902400A7F871 /* Resources */ = {
			isa = PBXResourcesBuildPhase;
			buildActionMask = 2147483647;
			files = (
			);
			runOnlyForDeploymentPostprocessing = 0;
		};
		6C7CBB85284790D100A7F871 /* Resources */ = {
			isa = PBXResourcesBuildPhase;
			buildActionMask = 2147483647;
			files = (
			);
			runOnlyForDeploymentPostprocessing = 0;
		};
		6C7CBBB12847920B00A7F871 /* Resources */ = {
			isa = PBXResourcesBuildPhase;
			buildActionMask = 2147483647;
			files = (
			);
			runOnlyForDeploymentPostprocessing = 0;
		};
/* End PBXResourcesBuildPhase section */

/* Begin PBXSourcesBuildPhase section */
		6C7CBAD1284673E000A7F871 /* Sources */ = {
			isa = PBXSourcesBuildPhase;
			buildActionMask = 2147483647;
			files = (
				6C7CBADD284673E000A7F871 /* ViewController.swift in Sources */,
				6C7CBAD9284673E000A7F871 /* AppDelegate.swift in Sources */,
			);
			runOnlyForDeploymentPostprocessing = 0;
		};
		6C7CBAE7284673E100A7F871 /* Sources */ = {
			isa = PBXSourcesBuildPhase;
			buildActionMask = 2147483647;
			files = (
				6C7CBAF0284673E100A7F871 /* interfaceModulePoc1Tests.swift in Sources */,
			);
			runOnlyForDeploymentPostprocessing = 0;
		};
		6C7CBB3128478E4100A7F871 /* Sources */ = {
			isa = PBXSourcesBuildPhase;
			buildActionMask = 2147483647;
			files = (
				6C7CBB812847906400A7F871 /* Feature1bRoute.swift in Sources */,
				6C7CBB5228478F1200A7F871 /* Feature1Route.swift in Sources */,
			);
			runOnlyForDeploymentPostprocessing = 0;
		};
		6C7CBB582847902400A7F871 /* Sources */ = {
			isa = PBXSourcesBuildPhase;
			buildActionMask = 2147483647;
			files = (
				6C7CBBA9284791B800A7F871 /* Feature1ViewController.swift in Sources */,
				6C7CBBAB284791BE00A7F871 /* Feature1RouteHandler.swift in Sources */,
				6C7CBBAC284791C300A7F871 /* Feature1bViewController.swift in Sources */,
				6C7CBBAD284791C600A7F871 /* Feature1bFeature.swift in Sources */,
				6C7CBBAA284791BC00A7F871 /* Feature1Feature.swift in Sources */,
			);
			runOnlyForDeploymentPostprocessing = 0;
		};
		6C7CBB83284790D100A7F871 /* Sources */ = {
			isa = PBXSourcesBuildPhase;
			buildActionMask = 2147483647;
			files = (
				6C7CBBA8284790E200A7F871 /* Feature2Route.swift in Sources */,
			);
			runOnlyForDeploymentPostprocessing = 0;
		};
		6C7CBBAF2847920B00A7F871 /* Sources */ = {
			isa = PBXSourcesBuildPhase;
			buildActionMask = 2147483647;
			files = (
				6C7CBBBF2847921800A7F871 /* Feature2RouteHandler.swift in Sources */,
				6C7CBBC02847921800A7F871 /* Feature2ViewController.swift in Sources */,
				6C7CBBBE2847921800A7F871 /* Feature2Feature.swift in Sources */,
			);
			runOnlyForDeploymentPostprocessing = 0;
		};
/* End PBXSourcesBuildPhase section */

/* Begin PBXTargetDependency section */
		6C052CA02847A36D00D5CB6E /* PBXTargetDependency */ = {
			isa = PBXTargetDependency;
			productRef = 6C052C9F2847A36D00D5CB6E /* RouterService */;
		};
		6C052CA22847A37100D5CB6E /* PBXTargetDependency */ = {
			isa = PBXTargetDependency;
			productRef = 6C052CA12847A37100D5CB6E /* RouterServiceInterface */;
		};
		6C052CA42847A3CE00D5CB6E /* PBXTargetDependency */ = {
			isa = PBXTargetDependency;
			productRef = 6C052CA32847A3CE00D5CB6E /* RouterServiceInterface */;
		};
		6C052CA62847A3D900D5CB6E /* PBXTargetDependency */ = {
			isa = PBXTargetDependency;
			productRef = 6C052CA52847A3D900D5CB6E /* RouterServiceInterface */;
		};
		6C052CA82847A3FD00D5CB6E /* PBXTargetDependency */ = {
			isa = PBXTargetDependency;
			productRef = 6C052CA72847A3FD00D5CB6E /* RouterServiceInterface */;
		};
		6C052CAA2847A40400D5CB6E /* PBXTargetDependency */ = {
			isa = PBXTargetDependency;
			productRef = 6C052CA92847A40400D5CB6E /* RouterServiceInterface */;
		};
		6C7CBAED284673E100A7F871 /* PBXTargetDependency */ = {
			isa = PBXTargetDependency;
			target = 6C7CBAD4284673E000A7F871 /* interfaceModulePoc1 */;
			targetProxy = 6C7CBAEC284673E100A7F871 /* PBXContainerItemProxy */;
		};
		6C7CBB702847902400A7F871 /* PBXTargetDependency */ = {
			isa = PBXTargetDependency;
			target = 6C7CBB5B2847902400A7F871 /* Feature1 */;
			targetProxy = 6C7CBB6F2847902400A7F871 /* PBXContainerItemProxy */;
		};
		6C7CBB802847904200A7F871 /* PBXTargetDependency */ = {
			isa = PBXTargetDependency;
			platformFilter = ios;
			target = 6C7CBB3428478E4100A7F871 /* Feature1Interface */;
			targetProxy = 6C7CBB7F2847904200A7F871 /* PBXContainerItemProxy */;
		};
		6C7CBBB82847920B00A7F871 /* PBXTargetDependency */ = {
			isa = PBXTargetDependency;
			target = 6C7CBBB22847920B00A7F871 /* Feature2 */;
			targetProxy = 6C7CBBB72847920B00A7F871 /* PBXContainerItemProxy */;
		};
		6C7CBBC82847985500A7F871 /* PBXTargetDependency */ = {
			isa = PBXTargetDependency;
			platformFilter = ios;
			target = 6C7CBB86284790D100A7F871 /* Feature2Interface */;
			targetProxy = 6C7CBBC72847985500A7F871 /* PBXContainerItemProxy */;
		};
		6C7CBBDB28479E8200A7F871 /* PBXTargetDependency */ = {
			isa = PBXTargetDependency;
			platformFilter = ios;
			target = 6C7CBB3428478E4100A7F871 /* Feature1Interface */;
			targetProxy = 6C7CBBDA28479E8200A7F871 /* PBXContainerItemProxy */;
		};
		6C7CBBDF28479E8200A7F871 /* PBXTargetDependency */ = {
			isa = PBXTargetDependency;
			platformFilter = ios;
			target = 6C7CBB86284790D100A7F871 /* Feature2Interface */;
			targetProxy = 6C7CBBDE28479E8200A7F871 /* PBXContainerItemProxy */;
		};
/* End PBXTargetDependency section */

/* Begin PBXVariantGroup section */
		6C7CBAE3284673E100A7F871 /* LaunchScreen.storyboard */ = {
			isa = PBXVariantGroup;
			children = (
				6C7CBAE4284673E100A7F871 /* Base */,
			);
			name = LaunchScreen.storyboard;
			sourceTree = "<group>";
		};
/* End PBXVariantGroup section */

/* Begin XCBuildConfiguration section */
		6C7CBAFD284673E100A7F871 /* Debug */ = {
			isa = XCBuildConfiguration;
			buildSettings = {
				ALWAYS_SEARCH_USER_PATHS = NO;
				CLANG_ANALYZER_NONNULL = YES;
				CLANG_ANALYZER_NUMBER_OBJECT_CONVERSION = YES_AGGRESSIVE;
				CLANG_CXX_LANGUAGE_STANDARD = "gnu++17";
				CLANG_CXX_LIBRARY = "libc++";
				CLANG_ENABLE_MODULES = YES;
				CLANG_ENABLE_OBJC_ARC = YES;
				CLANG_ENABLE_OBJC_WEAK = YES;
				CLANG_WARN_BLOCK_CAPTURE_AUTORELEASING = YES;
				CLANG_WARN_BOOL_CONVERSION = YES;
				CLANG_WARN_COMMA = YES;
				CLANG_WARN_CONSTANT_CONVERSION = YES;
				CLANG_WARN_DEPRECATED_OBJC_IMPLEMENTATIONS = YES;
				CLANG_WARN_DIRECT_OBJC_ISA_USAGE = YES_ERROR;
				CLANG_WARN_DOCUMENTATION_COMMENTS = YES;
				CLANG_WARN_EMPTY_BODY = YES;
				CLANG_WARN_ENUM_CONVERSION = YES;
				CLANG_WARN_INFINITE_RECURSION = YES;
				CLANG_WARN_INT_CONVERSION = YES;
				CLANG_WARN_NON_LITERAL_NULL_CONVERSION = YES;
				CLANG_WARN_OBJC_IMPLICIT_RETAIN_SELF = YES;
				CLANG_WARN_OBJC_LITERAL_CONVERSION = YES;
				CLANG_WARN_OBJC_ROOT_CLASS = YES_ERROR;
				CLANG_WARN_QUOTED_INCLUDE_IN_FRAMEWORK_HEADER = YES;
				CLANG_WARN_RANGE_LOOP_ANALYSIS = YES;
				CLANG_WARN_STRICT_PROTOTYPES = YES;
				CLANG_WARN_SUSPICIOUS_MOVE = YES;
				CLANG_WARN_UNGUARDED_AVAILABILITY = YES_AGGRESSIVE;
				CLANG_WARN_UNREACHABLE_CODE = YES;
				CLANG_WARN__DUPLICATE_METHOD_MATCH = YES;
				COPY_PHASE_STRIP = NO;
				DEBUG_INFORMATION_FORMAT = dwarf;
				ENABLE_STRICT_OBJC_MSGSEND = YES;
				ENABLE_TESTABILITY = YES;
				GCC_C_LANGUAGE_STANDARD = gnu11;
				GCC_DYNAMIC_NO_PIC = NO;
				GCC_NO_COMMON_BLOCKS = YES;
				GCC_OPTIMIZATION_LEVEL = 0;
				GCC_PREPROCESSOR_DEFINITIONS = (
					"DEBUG=1",
					"$(inherited)",
				);
				GCC_WARN_64_TO_32_BIT_CONVERSION = YES;
				GCC_WARN_ABOUT_RETURN_TYPE = YES_ERROR;
				GCC_WARN_UNDECLARED_SELECTOR = YES;
				GCC_WARN_UNINITIALIZED_AUTOS = YES_AGGRESSIVE;
				GCC_WARN_UNUSED_FUNCTION = YES;
				GCC_WARN_UNUSED_VARIABLE = YES;
				IPHONEOS_DEPLOYMENT_TARGET = 15.2;
				MTL_ENABLE_DEBUG_INFO = INCLUDE_SOURCE;
				MTL_FAST_MATH = YES;
				ONLY_ACTIVE_ARCH = YES;
				SDKROOT = iphoneos;
				SWIFT_ACTIVE_COMPILATION_CONDITIONS = DEBUG;
				SWIFT_OPTIMIZATION_LEVEL = "-Onone";
			};
			name = Debug;
		};
		6C7CBAFE284673E100A7F871 /* Release */ = {
			isa = XCBuildConfiguration;
			buildSettings = {
				ALWAYS_SEARCH_USER_PATHS = NO;
				CLANG_ANALYZER_NONNULL = YES;
				CLANG_ANALYZER_NUMBER_OBJECT_CONVERSION = YES_AGGRESSIVE;
				CLANG_CXX_LANGUAGE_STANDARD = "gnu++17";
				CLANG_CXX_LIBRARY = "libc++";
				CLANG_ENABLE_MODULES = YES;
				CLANG_ENABLE_OBJC_ARC = YES;
				CLANG_ENABLE_OBJC_WEAK = YES;
				CLANG_WARN_BLOCK_CAPTURE_AUTORELEASING = YES;
				CLANG_WARN_BOOL_CONVERSION = YES;
				CLANG_WARN_COMMA = YES;
				CLANG_WARN_CONSTANT_CONVERSION = YES;
				CLANG_WARN_DEPRECATED_OBJC_IMPLEMENTATIONS = YES;
				CLANG_WARN_DIRECT_OBJC_ISA_USAGE = YES_ERROR;
				CLANG_WARN_DOCUMENTATION_COMMENTS = YES;
				CLANG_WARN_EMPTY_BODY = YES;
				CLANG_WARN_ENUM_CONVERSION = YES;
				CLANG_WARN_INFINITE_RECURSION = YES;
				CLANG_WARN_INT_CONVERSION = YES;
				CLANG_WARN_NON_LITERAL_NULL_CONVERSION = YES;
				CLANG_WARN_OBJC_IMPLICIT_RETAIN_SELF = YES;
				CLANG_WARN_OBJC_LITERAL_CONVERSION = YES;
				CLANG_WARN_OBJC_ROOT_CLASS = YES_ERROR;
				CLANG_WARN_QUOTED_INCLUDE_IN_FRAMEWORK_HEADER = YES;
				CLANG_WARN_RANGE_LOOP_ANALYSIS = YES;
				CLANG_WARN_STRICT_PROTOTYPES = YES;
				CLANG_WARN_SUSPICIOUS_MOVE = YES;
				CLANG_WARN_UNGUARDED_AVAILABILITY = YES_AGGRESSIVE;
				CLANG_WARN_UNREACHABLE_CODE = YES;
				CLANG_WARN__DUPLICATE_METHOD_MATCH = YES;
				COPY_PHASE_STRIP = NO;
				DEBUG_INFORMATION_FORMAT = "dwarf-with-dsym";
				ENABLE_NS_ASSERTIONS = NO;
				ENABLE_STRICT_OBJC_MSGSEND = YES;
				GCC_C_LANGUAGE_STANDARD = gnu11;
				GCC_NO_COMMON_BLOCKS = YES;
				GCC_WARN_64_TO_32_BIT_CONVERSION = YES;
				GCC_WARN_ABOUT_RETURN_TYPE = YES_ERROR;
				GCC_WARN_UNDECLARED_SELECTOR = YES;
				GCC_WARN_UNINITIALIZED_AUTOS = YES_AGGRESSIVE;
				GCC_WARN_UNUSED_FUNCTION = YES;
				GCC_WARN_UNUSED_VARIABLE = YES;
				IPHONEOS_DEPLOYMENT_TARGET = 15.2;
				MTL_ENABLE_DEBUG_INFO = NO;
				MTL_FAST_MATH = YES;
				SDKROOT = iphoneos;
				SWIFT_COMPILATION_MODE = wholemodule;
				SWIFT_OPTIMIZATION_LEVEL = "-O";
				VALIDATE_PRODUCT = YES;
			};
			name = Release;
		};
		6C7CBB00284673E100A7F871 /* Debug */ = {
			isa = XCBuildConfiguration;
			buildSettings = {
				ALWAYS_EMBED_SWIFT_STANDARD_LIBRARIES = YES;
				ASSETCATALOG_COMPILER_APPICON_NAME = AppIcon;
				ASSETCATALOG_COMPILER_GLOBAL_ACCENT_COLOR_NAME = AccentColor;
				CODE_SIGN_STYLE = Automatic;
				CURRENT_PROJECT_VERSION = 1;
				DEVELOPMENT_TEAM = L72RJGZH69;
				GENERATE_INFOPLIST_FILE = YES;
				INFOPLIST_FILE = interfaceModulePoc1/Info.plist;
				INFOPLIST_KEY_UIApplicationSupportsIndirectInputEvents = YES;
				INFOPLIST_KEY_UILaunchStoryboardName = LaunchScreen;
				INFOPLIST_KEY_UISupportedInterfaceOrientations_iPad = "UIInterfaceOrientationPortrait UIInterfaceOrientationPortraitUpsideDown UIInterfaceOrientationLandscapeLeft UIInterfaceOrientationLandscapeRight";
				INFOPLIST_KEY_UISupportedInterfaceOrientations_iPhone = "UIInterfaceOrientationPortrait UIInterfaceOrientationLandscapeLeft UIInterfaceOrientationLandscapeRight";
				LD_RUNPATH_SEARCH_PATHS = (
					"$(inherited)",
					"@executable_path/Frameworks",
				);
				MARKETING_VERSION = 1.0;
				PRODUCT_BUNDLE_IDENTIFIER = com.leapi.interfaceModulePoc1;
				PRODUCT_NAME = "$(TARGET_NAME)";
				SWIFT_EMIT_LOC_STRINGS = YES;
				SWIFT_VERSION = 5.0;
				TARGETED_DEVICE_FAMILY = "1,2";
			};
			name = Debug;
		};
		6C7CBB01284673E100A7F871 /* Release */ = {
			isa = XCBuildConfiguration;
			buildSettings = {
				ALWAYS_EMBED_SWIFT_STANDARD_LIBRARIES = YES;
				ASSETCATALOG_COMPILER_APPICON_NAME = AppIcon;
				ASSETCATALOG_COMPILER_GLOBAL_ACCENT_COLOR_NAME = AccentColor;
				CODE_SIGN_STYLE = Automatic;
				CURRENT_PROJECT_VERSION = 1;
				DEVELOPMENT_TEAM = L72RJGZH69;
				GENERATE_INFOPLIST_FILE = YES;
				INFOPLIST_FILE = interfaceModulePoc1/Info.plist;
				INFOPLIST_KEY_UIApplicationSupportsIndirectInputEvents = YES;
				INFOPLIST_KEY_UILaunchStoryboardName = LaunchScreen;
				INFOPLIST_KEY_UISupportedInterfaceOrientations_iPad = "UIInterfaceOrientationPortrait UIInterfaceOrientationPortraitUpsideDown UIInterfaceOrientationLandscapeLeft UIInterfaceOrientationLandscapeRight";
				INFOPLIST_KEY_UISupportedInterfaceOrientations_iPhone = "UIInterfaceOrientationPortrait UIInterfaceOrientationLandscapeLeft UIInterfaceOrientationLandscapeRight";
				LD_RUNPATH_SEARCH_PATHS = (
					"$(inherited)",
					"@executable_path/Frameworks",
				);
				MARKETING_VERSION = 1.0;
				PRODUCT_BUNDLE_IDENTIFIER = com.leapi.interfaceModulePoc1;
				PRODUCT_NAME = "$(TARGET_NAME)";
				SWIFT_EMIT_LOC_STRINGS = YES;
				SWIFT_VERSION = 5.0;
				TARGETED_DEVICE_FAMILY = "1,2";
			};
			name = Release;
		};
		6C7CBB03284673E100A7F871 /* Debug */ = {
			isa = XCBuildConfiguration;
			buildSettings = {
				ALWAYS_EMBED_SWIFT_STANDARD_LIBRARIES = YES;
				BUNDLE_LOADER = "$(TEST_HOST)";
				CODE_SIGN_STYLE = Automatic;
				CURRENT_PROJECT_VERSION = 1;
				DEVELOPMENT_TEAM = L72RJGZH69;
				GENERATE_INFOPLIST_FILE = YES;
				IPHONEOS_DEPLOYMENT_TARGET = 15.2;
				MARKETING_VERSION = 1.0;
				PRODUCT_BUNDLE_IDENTIFIER = com.leapi.interfaceModulePoc1Tests;
				PRODUCT_NAME = "$(TARGET_NAME)";
				SWIFT_EMIT_LOC_STRINGS = NO;
				SWIFT_VERSION = 5.0;
				TARGETED_DEVICE_FAMILY = "1,2";
				TEST_HOST = "$(BUILT_PRODUCTS_DIR)/interfaceModulePoc1.app/interfaceModulePoc1";
			};
			name = Debug;
		};
		6C7CBB04284673E100A7F871 /* Release */ = {
			isa = XCBuildConfiguration;
			buildSettings = {
				ALWAYS_EMBED_SWIFT_STANDARD_LIBRARIES = YES;
				BUNDLE_LOADER = "$(TEST_HOST)";
				CODE_SIGN_STYLE = Automatic;
				CURRENT_PROJECT_VERSION = 1;
				DEVELOPMENT_TEAM = L72RJGZH69;
				GENERATE_INFOPLIST_FILE = YES;
				IPHONEOS_DEPLOYMENT_TARGET = 15.2;
				MARKETING_VERSION = 1.0;
				PRODUCT_BUNDLE_IDENTIFIER = com.leapi.interfaceModulePoc1Tests;
				PRODUCT_NAME = "$(TARGET_NAME)";
				SWIFT_EMIT_LOC_STRINGS = NO;
				SWIFT_VERSION = 5.0;
				TARGETED_DEVICE_FAMILY = "1,2";
				TEST_HOST = "$(BUILT_PRODUCTS_DIR)/interfaceModulePoc1.app/interfaceModulePoc1";
			};
			name = Release;
		};
		6C7CBB4D28478E4100A7F871 /* Debug */ = {
			isa = XCBuildConfiguration;
			buildSettings = {
				CODE_SIGN_STYLE = Automatic;
				CURRENT_PROJECT_VERSION = 1;
				DEFINES_MODULE = YES;
				DEVELOPMENT_TEAM = L72RJGZH69;
				DYLIB_COMPATIBILITY_VERSION = 1;
				DYLIB_CURRENT_VERSION = 1;
				DYLIB_INSTALL_NAME_BASE = "@rpath";
				GENERATE_INFOPLIST_FILE = YES;
				INFOPLIST_KEY_NSHumanReadableCopyright = "";
				INSTALL_PATH = "$(LOCAL_LIBRARY_DIR)/Frameworks";
				LD_RUNPATH_SEARCH_PATHS = (
					"$(inherited)",
					"@executable_path/Frameworks",
					"@loader_path/Frameworks",
				);
				MARKETING_VERSION = 1.0;
				PRODUCT_BUNDLE_IDENTIFIER = com.leapi.Feature1Interface;
				PRODUCT_NAME = "$(TARGET_NAME:c99extidentifier)";
				SKIP_INSTALL = YES;
				SUPPORTS_MACCATALYST = NO;
				SWIFT_EMIT_LOC_STRINGS = YES;
				SWIFT_VERSION = 5.0;
				TARGETED_DEVICE_FAMILY = "1,2";
				VERSIONING_SYSTEM = "apple-generic";
				VERSION_INFO_PREFIX = "";
			};
			name = Debug;
		};
		6C7CBB4E28478E4100A7F871 /* Release */ = {
			isa = XCBuildConfiguration;
			buildSettings = {
				CODE_SIGN_STYLE = Automatic;
				CURRENT_PROJECT_VERSION = 1;
				DEFINES_MODULE = YES;
				DEVELOPMENT_TEAM = L72RJGZH69;
				DYLIB_COMPATIBILITY_VERSION = 1;
				DYLIB_CURRENT_VERSION = 1;
				DYLIB_INSTALL_NAME_BASE = "@rpath";
				GENERATE_INFOPLIST_FILE = YES;
				INFOPLIST_KEY_NSHumanReadableCopyright = "";
				INSTALL_PATH = "$(LOCAL_LIBRARY_DIR)/Frameworks";
				LD_RUNPATH_SEARCH_PATHS = (
					"$(inherited)",
					"@executable_path/Frameworks",
					"@loader_path/Frameworks",
				);
				MARKETING_VERSION = 1.0;
				PRODUCT_BUNDLE_IDENTIFIER = com.leapi.Feature1Interface;
				PRODUCT_NAME = "$(TARGET_NAME:c99extidentifier)";
				SKIP_INSTALL = YES;
				SUPPORTS_MACCATALYST = NO;
				SWIFT_EMIT_LOC_STRINGS = YES;
				SWIFT_VERSION = 5.0;
				TARGETED_DEVICE_FAMILY = "1,2";
				VERSIONING_SYSTEM = "apple-generic";
				VERSION_INFO_PREFIX = "";
			};
			name = Release;
		};
		6C7CBB742847902400A7F871 /* Debug */ = {
			isa = XCBuildConfiguration;
			buildSettings = {
				CODE_SIGN_STYLE = Automatic;
				CURRENT_PROJECT_VERSION = 1;
				DEFINES_MODULE = YES;
				DEVELOPMENT_TEAM = L72RJGZH69;
				DYLIB_COMPATIBILITY_VERSION = 1;
				DYLIB_CURRENT_VERSION = 1;
				DYLIB_INSTALL_NAME_BASE = "@rpath";
				GENERATE_INFOPLIST_FILE = YES;
				INFOPLIST_KEY_NSHumanReadableCopyright = "";
				INSTALL_PATH = "$(LOCAL_LIBRARY_DIR)/Frameworks";
				LD_RUNPATH_SEARCH_PATHS = (
					"$(inherited)",
					"@executable_path/Frameworks",
					"@loader_path/Frameworks",
				);
				MARKETING_VERSION = 1.0;
				PRODUCT_BUNDLE_IDENTIFIER = com.leapi.Feature1;
				PRODUCT_NAME = "$(TARGET_NAME:c99extidentifier)";
				SKIP_INSTALL = YES;
				SUPPORTS_MACCATALYST = NO;
				SWIFT_EMIT_LOC_STRINGS = YES;
				SWIFT_VERSION = 5.0;
				TARGETED_DEVICE_FAMILY = "1,2";
				VERSIONING_SYSTEM = "apple-generic";
				VERSION_INFO_PREFIX = "";
			};
			name = Debug;
		};
		6C7CBB752847902400A7F871 /* Release */ = {
			isa = XCBuildConfiguration;
			buildSettings = {
				CODE_SIGN_STYLE = Automatic;
				CURRENT_PROJECT_VERSION = 1;
				DEFINES_MODULE = YES;
				DEVELOPMENT_TEAM = L72RJGZH69;
				DYLIB_COMPATIBILITY_VERSION = 1;
				DYLIB_CURRENT_VERSION = 1;
				DYLIB_INSTALL_NAME_BASE = "@rpath";
				GENERATE_INFOPLIST_FILE = YES;
				INFOPLIST_KEY_NSHumanReadableCopyright = "";
				INSTALL_PATH = "$(LOCAL_LIBRARY_DIR)/Frameworks";
				LD_RUNPATH_SEARCH_PATHS = (
					"$(inherited)",
					"@executable_path/Frameworks",
					"@loader_path/Frameworks",
				);
				MARKETING_VERSION = 1.0;
				PRODUCT_BUNDLE_IDENTIFIER = com.leapi.Feature1;
				PRODUCT_NAME = "$(TARGET_NAME:c99extidentifier)";
				SKIP_INSTALL = YES;
				SUPPORTS_MACCATALYST = NO;
				SWIFT_EMIT_LOC_STRINGS = YES;
				SWIFT_VERSION = 5.0;
				TARGETED_DEVICE_FAMILY = "1,2";
				VERSIONING_SYSTEM = "apple-generic";
				VERSION_INFO_PREFIX = "";
			};
			name = Release;
		};
		6C7CBB9F284790D100A7F871 /* Debug */ = {
			isa = XCBuildConfiguration;
			buildSettings = {
				CODE_SIGN_STYLE = Automatic;
				CURRENT_PROJECT_VERSION = 1;
				DEFINES_MODULE = YES;
				DEVELOPMENT_TEAM = L72RJGZH69;
				DYLIB_COMPATIBILITY_VERSION = 1;
				DYLIB_CURRENT_VERSION = 1;
				DYLIB_INSTALL_NAME_BASE = "@rpath";
				GENERATE_INFOPLIST_FILE = YES;
				INFOPLIST_KEY_NSHumanReadableCopyright = "";
				INSTALL_PATH = "$(LOCAL_LIBRARY_DIR)/Frameworks";
				LD_RUNPATH_SEARCH_PATHS = (
					"$(inherited)",
					"@executable_path/Frameworks",
					"@loader_path/Frameworks",
				);
				MARKETING_VERSION = 1.0;
				PRODUCT_BUNDLE_IDENTIFIER = com.leapi.Feature2Interface;
				PRODUCT_NAME = "$(TARGET_NAME:c99extidentifier)";
				SKIP_INSTALL = YES;
				SUPPORTS_MACCATALYST = NO;
				SWIFT_EMIT_LOC_STRINGS = YES;
				SWIFT_VERSION = 5.0;
				TARGETED_DEVICE_FAMILY = "1,2";
				VERSIONING_SYSTEM = "apple-generic";
				VERSION_INFO_PREFIX = "";
			};
			name = Debug;
		};
		6C7CBBA0284790D100A7F871 /* Release */ = {
			isa = XCBuildConfiguration;
			buildSettings = {
				CODE_SIGN_STYLE = Automatic;
				CURRENT_PROJECT_VERSION = 1;
				DEFINES_MODULE = YES;
				DEVELOPMENT_TEAM = L72RJGZH69;
				DYLIB_COMPATIBILITY_VERSION = 1;
				DYLIB_CURRENT_VERSION = 1;
				DYLIB_INSTALL_NAME_BASE = "@rpath";
				GENERATE_INFOPLIST_FILE = YES;
				INFOPLIST_KEY_NSHumanReadableCopyright = "";
				INSTALL_PATH = "$(LOCAL_LIBRARY_DIR)/Frameworks";
				LD_RUNPATH_SEARCH_PATHS = (
					"$(inherited)",
					"@executable_path/Frameworks",
					"@loader_path/Frameworks",
				);
				MARKETING_VERSION = 1.0;
				PRODUCT_BUNDLE_IDENTIFIER = com.leapi.Feature2Interface;
				PRODUCT_NAME = "$(TARGET_NAME:c99extidentifier)";
				SKIP_INSTALL = YES;
				SUPPORTS_MACCATALYST = NO;
				SWIFT_EMIT_LOC_STRINGS = YES;
				SWIFT_VERSION = 5.0;
				TARGETED_DEVICE_FAMILY = "1,2";
				VERSIONING_SYSTEM = "apple-generic";
				VERSION_INFO_PREFIX = "";
			};
			name = Release;
		};
		6C7CBBBC2847920B00A7F871 /* Debug */ = {
			isa = XCBuildConfiguration;
			buildSettings = {
				CODE_SIGN_STYLE = Automatic;
				CURRENT_PROJECT_VERSION = 1;
				DEFINES_MODULE = YES;
				DEVELOPMENT_TEAM = L72RJGZH69;
				DYLIB_COMPATIBILITY_VERSION = 1;
				DYLIB_CURRENT_VERSION = 1;
				DYLIB_INSTALL_NAME_BASE = "@rpath";
				GENERATE_INFOPLIST_FILE = YES;
				INFOPLIST_KEY_NSHumanReadableCopyright = "";
				INSTALL_PATH = "$(LOCAL_LIBRARY_DIR)/Frameworks";
				LD_RUNPATH_SEARCH_PATHS = (
					"$(inherited)",
					"@executable_path/Frameworks",
					"@loader_path/Frameworks",
				);
				MARKETING_VERSION = 1.0;
				PRODUCT_BUNDLE_IDENTIFIER = com.leapi.Feature2;
				PRODUCT_NAME = "$(TARGET_NAME:c99extidentifier)";
				SKIP_INSTALL = YES;
				SUPPORTS_MACCATALYST = NO;
				SWIFT_EMIT_LOC_STRINGS = YES;
				SWIFT_VERSION = 5.0;
				TARGETED_DEVICE_FAMILY = "1,2";
				VERSIONING_SYSTEM = "apple-generic";
				VERSION_INFO_PREFIX = "";
			};
			name = Debug;
		};
		6C7CBBBD2847920B00A7F871 /* Release */ = {
			isa = XCBuildConfiguration;
			buildSettings = {
				CODE_SIGN_STYLE = Automatic;
				CURRENT_PROJECT_VERSION = 1;
				DEFINES_MODULE = YES;
				DEVELOPMENT_TEAM = L72RJGZH69;
				DYLIB_COMPATIBILITY_VERSION = 1;
				DYLIB_CURRENT_VERSION = 1;
				DYLIB_INSTALL_NAME_BASE = "@rpath";
				GENERATE_INFOPLIST_FILE = YES;
				INFOPLIST_KEY_NSHumanReadableCopyright = "";
				INSTALL_PATH = "$(LOCAL_LIBRARY_DIR)/Frameworks";
				LD_RUNPATH_SEARCH_PATHS = (
					"$(inherited)",
					"@executable_path/Frameworks",
					"@loader_path/Frameworks",
				);
				MARKETING_VERSION = 1.0;
				PRODUCT_BUNDLE_IDENTIFIER = com.leapi.Feature2;
				PRODUCT_NAME = "$(TARGET_NAME:c99extidentifier)";
				SKIP_INSTALL = YES;
				SUPPORTS_MACCATALYST = NO;
				SWIFT_EMIT_LOC_STRINGS = YES;
				SWIFT_VERSION = 5.0;
				TARGETED_DEVICE_FAMILY = "1,2";
				VERSIONING_SYSTEM = "apple-generic";
				VERSION_INFO_PREFIX = "";
			};
			name = Release;
		};
/* End XCBuildConfiguration section */

/* Begin XCConfigurationList section */
		6C7CBAD0284673E000A7F871 /* Build configuration list for PBXProject "interfaceModulePoc1" */ = {
			isa = XCConfigurationList;
			buildConfigurations = (
				6C7CBAFD284673E100A7F871 /* Debug */,
				6C7CBAFE284673E100A7F871 /* Release */,
			);
			defaultConfigurationIsVisible = 0;
			defaultConfigurationName = Release;
		};
		6C7CBAFF284673E100A7F871 /* Build configuration list for PBXNativeTarget "interfaceModulePoc1" */ = {
			isa = XCConfigurationList;
			buildConfigurations = (
				6C7CBB00284673E100A7F871 /* Debug */,
				6C7CBB01284673E100A7F871 /* Release */,
			);
			defaultConfigurationIsVisible = 0;
			defaultConfigurationName = Release;
		};
		6C7CBB02284673E100A7F871 /* Build configuration list for PBXNativeTarget "interfaceModulePoc1Tests" */ = {
			isa = XCConfigurationList;
			buildConfigurations = (
				6C7CBB03284673E100A7F871 /* Debug */,
				6C7CBB04284673E100A7F871 /* Release */,
			);
			defaultConfigurationIsVisible = 0;
			defaultConfigurationName = Release;
		};
		6C7CBB4C28478E4100A7F871 /* Build configuration list for PBXNativeTarget "Feature1Interface" */ = {
			isa = XCConfigurationList;
			buildConfigurations = (
				6C7CBB4D28478E4100A7F871 /* Debug */,
				6C7CBB4E28478E4100A7F871 /* Release */,
			);
			defaultConfigurationIsVisible = 0;
			defaultConfigurationName = Release;
		};
		6C7CBB732847902400A7F871 /* Build configuration list for PBXNativeTarget "Feature1" */ = {
			isa = XCConfigurationList;
			buildConfigurations = (
				6C7CBB742847902400A7F871 /* Debug */,
				6C7CBB752847902400A7F871 /* Release */,
			);
			defaultConfigurationIsVisible = 0;
			defaultConfigurationName = Release;
		};
		6C7CBB9E284790D100A7F871 /* Build configuration list for PBXNativeTarget "Feature2Interface" */ = {
			isa = XCConfigurationList;
			buildConfigurations = (
				6C7CBB9F284790D100A7F871 /* Debug */,
				6C7CBBA0284790D100A7F871 /* Release */,
			);
			defaultConfigurationIsVisible = 0;
			defaultConfigurationName = Release;
		};
		6C7CBBBB2847920B00A7F871 /* Build configuration list for PBXNativeTarget "Feature2" */ = {
			isa = XCConfigurationList;
			buildConfigurations = (
				6C7CBBBC2847920B00A7F871 /* Debug */,
				6C7CBBBD2847920B00A7F871 /* Release */,
			);
			defaultConfigurationIsVisible = 0;
			defaultConfigurationName = Release;
		};
/* End XCConfigurationList section */

/* Begin XCRemoteSwiftPackageReference section */
		6C052CAB2847A5F300D5CB6E /* XCRemoteSwiftPackageReference "RouterService" */ = {
			isa = XCRemoteSwiftPackageReference;
			repositoryURL = "https://github.com/rockbruno/RouterService";
			requirement = {
				kind = upToNextMajorVersion;
				minimumVersion = 1.0.0;
			};
		};
		6C7CBB08284674EB00A7F871 /* XCRemoteSwiftPackageReference "RouterService" */ = {
			isa = XCRemoteSwiftPackageReference;
			repositoryURL = "https://github.com/rockbruno/RouterService";
			requirement = {
				kind = upToNextMajorVersion;
				minimumVersion = 1.0.0;
			};
		};
/* End XCRemoteSwiftPackageReference section */

/* Begin XCSwiftPackageProductDependency section */
		6C052C9F2847A36D00D5CB6E /* RouterService */ = {
			isa = XCSwiftPackageProductDependency;
			package = 6C7CBB08284674EB00A7F871 /* XCRemoteSwiftPackageReference "RouterService" */;
			productName = RouterService;
		};
		6C052CA12847A37100D5CB6E /* RouterServiceInterface */ = {
			isa = XCSwiftPackageProductDependency;
			package = 6C7CBB08284674EB00A7F871 /* XCRemoteSwiftPackageReference "RouterService" */;
			productName = RouterServiceInterface;
		};
		6C052CA32847A3CE00D5CB6E /* RouterServiceInterface */ = {
			isa = XCSwiftPackageProductDependency;
			package = 6C7CBB08284674EB00A7F871 /* XCRemoteSwiftPackageReference "RouterService" */;
			productName = RouterServiceInterface;
		};
		6C052CA52847A3D900D5CB6E /* RouterServiceInterface */ = {
			isa = XCSwiftPackageProductDependency;
			package = 6C7CBB08284674EB00A7F871 /* XCRemoteSwiftPackageReference "RouterService" */;
			productName = RouterServiceInterface;
		};
		6C052CA72847A3FD00D5CB6E /* RouterServiceInterface */ = {
			isa = XCSwiftPackageProductDependency;
			package = 6C7CBB08284674EB00A7F871 /* XCRemoteSwiftPackageReference "RouterService" */;
			productName = RouterServiceInterface;
		};
		6C052CA92847A40400D5CB6E /* RouterServiceInterface */ = {
			isa = XCSwiftPackageProductDependency;
			package = 6C7CBB08284674EB00A7F871 /* XCRemoteSwiftPackageReference "RouterService" */;
			productName = RouterServiceInterface;
		};
		6C052CAC2847A5F300D5CB6E /* RouterService */ = {
			isa = XCSwiftPackageProductDependency;
			package = 6C052CAB2847A5F300D5CB6E /* XCRemoteSwiftPackageReference "RouterService" */;
			productName = RouterService;
		};
		6C052CB02847A6C600D5CB6E /* RouterServiceInterface */ = {
			isa = XCSwiftPackageProductDependency;
			package = 6C052CAB2847A5F300D5CB6E /* XCRemoteSwiftPackageReference "RouterService" */;
			productName = RouterServiceInterface;
		};
		6C052CB32847A6E800D5CB6E /* RouterServiceInterface */ = {
			isa = XCSwiftPackageProductDependency;
			package = 6C052CAB2847A5F300D5CB6E /* XCRemoteSwiftPackageReference "RouterService" */;
			productName = RouterServiceInterface;
		};
		6C052CB62847A71400D5CB6E /* RouterServiceInterface */ = {
			isa = XCSwiftPackageProductDependency;
			package = 6C052CAB2847A5F300D5CB6E /* XCRemoteSwiftPackageReference "RouterService" */;
			productName = RouterServiceInterface;
		};
		6C052CB92847A71E00D5CB6E /* RouterServiceInterface */ = {
			isa = XCSwiftPackageProductDependency;
			package = 6C052CAB2847A5F300D5CB6E /* XCRemoteSwiftPackageReference "RouterService" */;
			productName = RouterServiceInterface;
		};
/* End XCSwiftPackageProductDependency section */
	};
	rootObject = 6C7CBACD284673E000A7F871 /* Project object */;
}
